<?xml version="1.0" encoding="UTF-8"?>
<Scheme
   LastUpgradeVersion = "0460"
   version = "1.3">
   <BuildAction
      parallelizeBuildables = "YES"
      buildImplicitDependencies = "YES">
      <BuildActionEntries>
         <BuildActionEntry
            buildForTesting = "YES"
            buildForRunning = "YES"
            buildForProfiling = "YES"
            buildForArchiving = "YES"
            buildForAnalyzing = "YES">
            <BuildableReference
               BuildableIdentifier = "primary"
               BlueprintIdentifier = "8DD76F620486A84900D96B5E"
               BuildableName = "Cosmos"
               BlueprintName = "Cosmos"
               ReferencedContainer = "container:Cosmos.xcodeproj">
            </BuildableReference>
         </BuildActionEntry>
      </BuildActionEntries>
   </BuildAction>
   <TestAction
      selectedDebuggerIdentifier = "Xcode.DebuggerFoundation.Debugger.LLDB"
      selectedLauncherIdentifier = "Xcode.DebuggerFoundation.Launcher.LLDB"
      shouldUseLaunchSchemeArgsEnv = "YES"
      buildConfiguration = "Debug">
      <Testables>
      </Testables>
      <MacroExpansion>
         <BuildableReference
            BuildableIdentifier = "primary"
            BlueprintIdentifier = "8DD76F620486A84900D96B5E"
            BuildableName = "Cosmos"
            BlueprintName = "Cosmos"
            ReferencedContainer = "container:Cosmos.xcodeproj">
         </BuildableReference>
      </MacroExpansion>
   </TestAction>
   <LaunchAction
      selectedDebuggerIdentifier = "Xcode.DebuggerFoundation.Debugger.LLDB"
      selectedLauncherIdentifier = "Xcode.DebuggerFoundation.Launcher.LLDB"
      launchStyle = "0"
      useCustomWorkingDirectory = "NO"
      customWorkingDirectory = "/Users/barbot/Documents/AllCosmos/trunk/bin"
      buildConfiguration = "Release"
      ignoresPersistentStateOnLaunch = "NO"
      debugDocumentVersioning = "YES"
      allowLocationSimulation = "YES">
      <BuildableProductRunnable>
         <BuildableReference
            BuildableIdentifier = "primary"
            BlueprintIdentifier = "8DD76F620486A84900D96B5E"
            BuildableName = "Cosmos"
            BlueprintName = "Cosmos"
            ReferencedContainer = "container:Cosmos.xcodeproj">
         </BuildableReference>
      </BuildableProductRunnable>
      <CommandLineArguments>
         <CommandLineArgument
            argument = "-g"
            isEnabled = "NO">
         </CommandLineArgument>
         <CommandLineArgument
            argument = "--max-run"
            isEnabled = "NO">
         </CommandLineArgument>
         <CommandLineArgument
            argument = "10000000000"
            isEnabled = "NO">
         </CommandLineArgument>
         <CommandLineArgument
            argument = "/Users/barbot/Downloads/repressilatorMS.grml"
            isEnabled = "YES">
         </CommandLineArgument>
         <CommandLineArgument
            argument = "/Users/barbot/Downloads/tester_RepressilatorSWN.lha"
            isEnabled = "YES">
         </CommandLineArgument>
         <CommandLineArgument
            argument = "--HASL-formula"
            isEnabled = "NO">
         </CommandLineArgument>
         <CommandLineArgument
            argument = "&quot;SPRT(0.7,0.05);&quot;"
            isEnabled = "NO">
         </CommandLineArgument>
         <CommandLineArgument
            argument = "&quot;AVG(Last(1.0));&quot;"
            isEnabled = "NO">
         </CommandLineArgument>
         <CommandLineArgument
            argument = "-r"
            isEnabled = "NO">
         </CommandLineArgument>
         <CommandLineArgument
            argument = "/Users/barbot/Documents/AllCosmos/trunk/Examples/pi/pi.gspn"
            isEnabled = "NO">
         </CommandLineArgument>
         <CommandLineArgument
            argument = "/Users/barbot/Documents/AllCosmos/trunk/Examples/pi/pi.lha"
            isEnabled = "NO">
         </CommandLineArgument>
         <CommandLineArgument
            argument = "/var/folders/36/cw0lz_d108b7_dzsjw3phgc80000gp/T/model_2963657132458752864.grml"
            isEnabled = "NO">
         </CommandLineArgument>
         <CommandLineArgument
            argument = "/var/folders/36/cw0lz_d108b7_dzsjw3phgc80000gp/T/model_2377512690836570869.grml"
            isEnabled = "NO">
         </CommandLineArgument>
         <CommandLineArgument
            argument = "-v 6"
            isEnabled = "NO">
         </CommandLineArgument>
         <CommandLineArgument
            argument = "--bin-path"
            isEnabled = "YES">
         </CommandLineArgument>
         <CommandLineArgument
            argument = "/Users/barbot/Documents/Cosmos/bin/"
            isEnabled = "YES">
         </CommandLineArgument>
         <CommandLineArgument
            argument = "/Users/barbot/Documents/Cosmos/Examples/RareEventUnbounded/tandemRE.grml"
            isEnabled = "NO">
         </CommandLineArgument>
         <CommandLineArgument
            argument = "/Users/barbot/Documents/Cosmos/Examples/RareEventUnbounded/tandemRElha.grml"
            isEnabled = "NO">
         </CommandLineArgument>
         <CommandLineArgument
            argument = "--count-transition"
            isEnabled = "NO">
         </CommandLineArgument>
         <CommandLineArgument
            argument = "/Users/barbot/Documents/AllCosmos/trunk/Examples/ClientServer/clients_serveurs_SN.grml"
            isEnabled = "NO">
         </CommandLineArgument>
         <CommandLineArgument
            argument = "/Users/barbot/Documents/AllCosmos/trunk/Examples/ClientServer/loop.3.grml"
            isEnabled = "NO">
         </CommandLineArgument>
         <CommandLineArgument
            argument = "/Users/barbot/Documents/PADS2013/DataBase/Coloane/database.grml"
            isEnabled = "NO">
         </CommandLineArgument>
         <CommandLineArgument
            argument = "/Users/barbot/DatabaseProp6LHA.grml"
            isEnabled = "NO">
         </CommandLineArgument>
         <CommandLineArgument
            argument = "/Users/barbot/Documents/Cosmos/Examples/TandemQN/tqn.gspn"
            isEnabled = "NO">
         </CommandLineArgument>
         <CommandLineArgument
            argument = "/Users/barbot/Documents/Cosmos/Examples/TandemQN/tqn.lha"
            isEnabled = "NO">
         </CommandLineArgument>
         <CommandLineArgument
            argument = "--gnuplot-driver"
            isEnabled = "NO">
         </CommandLineArgument>
         <CommandLineArgument
            argument = "--outputdata"
            isEnabled = "NO">
         </CommandLineArgument>
         <CommandLineArgument
            argument = "dataout.dat"
            isEnabled = "NO">
         </CommandLineArgument>
      </CommandLineArguments>
      <AdditionalOptions>
      </AdditionalOptions>
   </LaunchAction>
   <ProfileAction
      shouldUseLaunchSchemeArgsEnv = "YES"
      savedToolIdentifier = ""
      useCustomWorkingDirectory = "NO"
      buildConfiguration = "Release"
      debugDocumentVersioning = "YES">
      <BuildableProductRunnable>
         <BuildableReference
            BuildableIdentifier = "primary"
            BlueprintIdentifier = "8DD76F620486A84900D96B5E"
            BuildableName = "Cosmos"
            BlueprintName = "Cosmos"
            ReferencedContainer = "container:Cosmos.xcodeproj">
         </BuildableReference>
      </BuildableProductRunnable>
   </ProfileAction>
   <AnalyzeAction
      buildConfiguration = "Debug">
   </AnalyzeAction>
   <ArchiveAction
      buildConfiguration = "Release"
      revealArchiveInOrganizer = "YES">
   </ArchiveAction>
</Scheme>
